
Microsoft Visual Studio Solution File, Format Version 12.00
# Visual Studio Version 17
VisualStudioVersion = 17.10.35013.160
MinimumVisualStudioVersion = 10.0.40219.1
Project("{FAE04EC0-301F-11D3-BF4B-00C04F79EFBC}") = "ExchangeRatesAPI", "ExchangeRatesAPI\ExchangeRatesAPI.csproj", "{19678CE0-61F9-414A-A4A2-38E888C6BF4A}"
EndProject
Global
	GlobalSection(SolutionConfigurationPlatforms) = preSolution
		Debug|Any CPU = Debug|Any CPU
		Release|Any CPU = Release|Any CPU
	EndGlobalSection
	GlobalSection(ProjectConfigurationPlatforms) = postSolution
		{19678CE0-61F9-414A-A4A2-38E888C6BF4A}.Debug|Any CPU.ActiveCfg = Debug|Any CPU
		{19678CE0-61F9-414A-A4A2-38E888C6BF4A}.Debug|Any CPU.Build.0 = Debug|Any CPU
		{19678CE0-61F9-414A-A4A2-38E888C6BF4A}.Release|Any CPU.ActiveCfg = Release|Any CPU
		{19678CE0-61F9-414A-A4A2-38E888C6BF4A}.Release|Any CPU.Build.0 = Release|Any CPU
	EndGlobalSection
	GlobalSection(SolutionProperties) = preSolution
		HideSolutionNode = FALSE
	EndGlobalSection
	GlobalSection(ExtensibilityGlobals) = postSolution
		SolutionGuid = {B212F33F-30B0-470B-ADE2-01E80C14920E}
	EndGlobalSection
EndGlobal
